
Microsoft Visual Studio Solution File, Format Version 12.00
# Visual Studio 15
VisualStudioVersion = 15.0.26014.0
MinimumVisualStudioVersion = 10.0.40219.1
Project("{FAE04EC0-301F-11D3-BF4B-00C04F79EFBC}") = "netstdlib", "netstdlib\netstdlib.csproj", "{AAD11457-CDA0-4BA8-A86D-026675B50324}"
EndProject
Project("{FAE04EC0-301F-11D3-BF4B-00C04F79EFBC}") = "netfxlib", "netfxlib\netfxlib.csproj", "{F32E7102-AB1B-4CC2-9596-137675E82618}"
EndProject
Project("{FAE04EC0-301F-11D3-BF4B-00C04F79EFBC}") = "netstdlib2", "netstdlib2\netstdlib2.csproj", "{B0413F1F-1876-48BA-8E41-6EF4FBDCCF6B}"
EndProject
Project("{FAE04EC0-301F-11D3-BF4B-00C04F79EFBC}") = "netfxlib2", "netfxlib2\netfxlib2.csproj", "{81C9AFC1-5F42-4CEA-8DE2-D3074FEA72AB}"
EndProject
Global
	GlobalSection(SolutionConfigurationPlatforms) = preSolution
		Debug|Any CPU = Debug|Any CPU
		Debug|x64 = Debug|x64
		Debug|x86 = Debug|x86
		Release|Any CPU = Release|Any CPU
		Release|x64 = Release|x64
		Release|x86 = Release|x86
	EndGlobalSection
	GlobalSection(ProjectConfigurationPlatforms) = postSolution
		{AAD11457-CDA0-4BA8-A86D-026675B50324}.Debug|Any CPU.ActiveCfg = Debug|Any CPU
		{AAD11457-CDA0-4BA8-A86D-026675B50324}.Debug|Any CPU.Build.0 = Debug|Any CPU
		{AAD11457-CDA0-4BA8-A86D-026675B50324}.Debug|x64.ActiveCfg = Debug|x64
		{AAD11457-CDA0-4BA8-A86D-026675B50324}.Debug|x64.Build.0 = Debug|x64
		{AAD11457-CDA0-4BA8-A86D-026675B50324}.Debug|x86.ActiveCfg = Debug|x86
		{AAD11457-CDA0-4BA8-A86D-026675B50324}.Debug|x86.Build.0 = Debug|x86
		{AAD11457-CDA0-4BA8-A86D-026675B50324}.Release|Any CPU.ActiveCfg = Release|Any CPU
		{AAD11457-CDA0-4BA8-A86D-026675B50324}.Release|Any CPU.Build.0 = Release|Any CPU
		{AAD11457-CDA0-4BA8-A86D-026675B50324}.Release|x64.ActiveCfg = Release|x64
		{AAD11457-CDA0-4BA8-A86D-026675B50324}.Release|x64.Build.0 = Release|x64
		{AAD11457-CDA0-4BA8-A86D-026675B50324}.Release|x86.ActiveCfg = Release|x86
		{AAD11457-CDA0-4BA8-A86D-026675B50324}.Release|x86.Build.0 = Release|x86
		{F32E7102-AB1B-4CC2-9596-137675E82618}.Debug|Any CPU.ActiveCfg = Debug|Any CPU
		{F32E7102-AB1B-4CC2-9596-137675E82618}.Debug|Any CPU.Build.0 = Debug|Any CPU
		{F32E7102-AB1B-4CC2-9596-137675E82618}.Debug|x64.ActiveCfg = Debug|Any CPU
		{F32E7102-AB1B-4CC2-9596-137675E82618}.Debug|x64.Build.0 = Debug|Any CPU
		{F32E7102-AB1B-4CC2-9596-137675E82618}.Debug|x86.ActiveCfg = Debug|Any CPU
		{F32E7102-AB1B-4CC2-9596-137675E82618}.Debug|x86.Build.0 = Debug|Any CPU
		{F32E7102-AB1B-4CC2-9596-137675E82618}.Release|Any CPU.ActiveCfg = Release|Any CPU
		{F32E7102-AB1B-4CC2-9596-137675E82618}.Release|Any CPU.Build.0 = Release|Any CPU
		{F32E7102-AB1B-4CC2-9596-137675E82618}.Release|x64.ActiveCfg = Release|Any CPU
		{F32E7102-AB1B-4CC2-9596-137675E82618}.Release|x64.Build.0 = Release|Any CPU
		{F32E7102-AB1B-4CC2-9596-137675E82618}.Release|x86.ActiveCfg = Release|Any CPU
		{F32E7102-AB1B-4CC2-9596-137675E82618}.Release|x86.Build.0 = Release|Any CPU
		{B0413F1F-1876-48BA-8E41-6EF4FBDCCF6B}.Debug|Any CPU.ActiveCfg = Debug|Any CPU
		{B0413F1F-1876-48BA-8E41-6EF4FBDCCF6B}.Debug|Any CPU.Build.0 = Debug|Any CPU
		{B0413F1F-1876-48BA-8E41-6EF4FBDCCF6B}.Debug|x64.ActiveCfg = Debug|x64
		{B0413F1F-1876-48BA-8E41-6EF4FBDCCF6B}.Debug|x64.Build.0 = Debug|x64
		{B0413F1F-1876-48BA-8E41-6EF4FBDCCF6B}.Debug|x86.ActiveCfg = Debug|x86
		{B0413F1F-1876-48BA-8E41-6EF4FBDCCF6B}.Debug|x86.Build.0 = Debug|x86
		{B0413F1F-1876-48BA-8E41-6EF4FBDCCF6B}.Release|Any CPU.ActiveCfg = Release|Any CPU
		{B0413F1F-1876-48BA-8E41-6EF4FBDCCF6B}.Release|Any CPU.Build.0 = Release|Any CPU
		{B0413F1F-1876-48BA-8E41-6EF4FBDCCF6B}.Release|x64.ActiveCfg = Release|x64
		{B0413F1F-1876-48BA-8E41-6EF4FBDCCF6B}.Release|x64.Build.0 = Release|x64
		{B0413F1F-1876-48BA-8E41-6EF4FBDCCF6B}.Release|x86.ActiveCfg = Release|x86
		{B0413F1F-1876-48BA-8E41-6EF4FBDCCF6B}.Release|x86.Build.0 = Release|x86
		{81C9AFC1-5F42-4CEA-8DE2-D3074FEA72AB}.Debug|Any CPU.ActiveCfg = Debug|Any CPU
		{81C9AFC1-5F42-4CEA-8DE2-D3074FEA72AB}.Debug|Any CPU.Build.0 = Debug|Any CPU
		{81C9AFC1-5F42-4CEA-8DE2-D3074FEA72AB}.Debug|x64.ActiveCfg = Debug|Any CPU
		{81C9AFC1-5F42-4CEA-8DE2-D3074FEA72AB}.Debug|x64.Build.0 = Debug|Any CPU
		{81C9AFC1-5F42-4CEA-8DE2-D3074FEA72AB}.Debug|x86.ActiveCfg = Debug|Any CPU
		{81C9AFC1-5F42-4CEA-8DE2-D3074FEA72AB}.Debug|x86.Build.0 = Debug|Any CPU
		{81C9AFC1-5F42-4CEA-8DE2-D3074FEA72AB}.Release|Any CPU.ActiveCfg = Release|Any CPU
		{81C9AFC1-5F42-4CEA-8DE2-D3074FEA72AB}.Release|Any CPU.Build.0 = Release|Any CPU
		{81C9AFC1-5F42-4CEA-8DE2-D3074FEA72AB}.Release|x64.ActiveCfg = Release|Any CPU
		{81C9AFC1-5F42-4CEA-8DE2-D3074FEA72AB}.Release|x64.Build.0 = Release|Any CPU
		{81C9AFC1-5F42-4CEA-8DE2-D3074FEA72AB}.Release|x86.ActiveCfg = Release|Any CPU
		{81C9AFC1-5F42-4CEA-8DE2-D3074FEA72AB}.Release|x86.Build.0 = Release|Any CPU
	EndGlobalSection
	GlobalSection(SolutionProperties) = preSolution
		HideSolutionNode = FALSE
	EndGlobalSection
EndGlobal
